
Microsoft Visual Studio Solution File, Format Version 12.00
# Visual Studio Version 17
VisualStudioVersion = 17.7.34024.191
MinimumVisualStudioVersion = 10.0.40219.1
Project("{FAE04EC0-301F-11D3-BF4B-00C04F79EFBC}") = "UWUVCI AIO WPF", "UWUVCI AIO WPF\UWUVCI AIO WPF.csproj", "{6A60AB0E-4597-4ECA-AEFB-D63A26CA7B54}"
EndProject
Project("{FAE04EC0-301F-11D3-BF4B-00C04F79EFBC}") = "WiiUInjector.Repos.Concrete", "WiiUInjector.Repos.Concrete\WiiUInjector.Repos.Concrete.csproj", "{8AC3642F-6459-43B0-8DCE-0A1BBFB6F20B}"
EndProject
Project("{FAE04EC0-301F-11D3-BF4B-00C04F79EFBC}") = "WiiUInjector.ViewModels", "WiiUInjector.ViewModels\WiiUInjector.ViewModels.csproj", "{06726AD9-6664-4D63-86A0-BD2B26314B37}"
EndProject
Project("{FAE04EC0-301F-11D3-BF4B-00C04F79EFBC}") = "WiiUInjector", "WiiUInjector.Domain\WiiUInjector.csproj", "{10DE8C1B-7B5D-4936-B9D3-2865B0F01BD1}"
EndProject
Project("{FAE04EC0-301F-11D3-BF4B-00C04F79EFBC}") = "WiiUInjector.Messaging", "WiiUInjector.Messaging\WiiUInjector.Messaging.csproj", "{26D6DC66-410C-423B-B564-449B343B9531}"
EndProject
Project("{FAE04EC0-301F-11D3-BF4B-00C04F79EFBC}") = "WiiUInjector.GitTools", "WiiUInjector.GitTools\WiiUInjector.GitTools.csproj", "{A7F41C11-F471-47B4-8DBF-7CD56E992D39}"
EndProject
Global
	GlobalSection(SolutionConfigurationPlatforms) = preSolution
		Debug|Any CPU = Debug|Any CPU
		Release|Any CPU = Release|Any CPU
	EndGlobalSection
	GlobalSection(ProjectConfigurationPlatforms) = postSolution
		{6A60AB0E-4597-4ECA-AEFB-D63A26CA7B54}.Debug|Any CPU.ActiveCfg = Debug|Any CPU
		{6A60AB0E-4597-4ECA-AEFB-D63A26CA7B54}.Debug|Any CPU.Build.0 = Debug|Any CPU
		{6A60AB0E-4597-4ECA-AEFB-D63A26CA7B54}.Release|Any CPU.ActiveCfg = Release|Any CPU
		{6A60AB0E-4597-4ECA-AEFB-D63A26CA7B54}.Release|Any CPU.Build.0 = Release|Any CPU
		{8AC3642F-6459-43B0-8DCE-0A1BBFB6F20B}.Debug|Any CPU.ActiveCfg = Debug|Any CPU
		{8AC3642F-6459-43B0-8DCE-0A1BBFB6F20B}.Debug|Any CPU.Build.0 = Debug|Any CPU
		{8AC3642F-6459-43B0-8DCE-0A1BBFB6F20B}.Release|Any CPU.ActiveCfg = Release|Any CPU
		{8AC3642F-6459-43B0-8DCE-0A1BBFB6F20B}.Release|Any CPU.Build.0 = Release|Any CPU
		{06726AD9-6664-4D63-86A0-BD2B26314B37}.Debug|Any CPU.ActiveCfg = Debug|Any CPU
		{06726AD9-6664-4D63-86A0-BD2B26314B37}.Debug|Any CPU.Build.0 = Debug|Any CPU
		{06726AD9-6664-4D63-86A0-BD2B26314B37}.Release|Any CPU.ActiveCfg = Release|Any CPU
		{06726AD9-6664-4D63-86A0-BD2B26314B37}.Release|Any CPU.Build.0 = Release|Any CPU
		{10DE8C1B-7B5D-4936-B9D3-2865B0F01BD1}.Debug|Any CPU.ActiveCfg = Debug|Any CPU
		{10DE8C1B-7B5D-4936-B9D3-2865B0F01BD1}.Debug|Any CPU.Build.0 = Debug|Any CPU
		{10DE8C1B-7B5D-4936-B9D3-2865B0F01BD1}.Release|Any CPU.ActiveCfg = Release|Any CPU
		{10DE8C1B-7B5D-4936-B9D3-2865B0F01BD1}.Release|Any CPU.Build.0 = Release|Any CPU
		{26D6DC66-410C-423B-B564-449B343B9531}.Debug|Any CPU.ActiveCfg = Debug|Any CPU
		{26D6DC66-410C-423B-B564-449B343B9531}.Debug|Any CPU.Build.0 = Debug|Any CPU
		{26D6DC66-410C-423B-B564-449B343B9531}.Release|Any CPU.ActiveCfg = Release|Any CPU
		{26D6DC66-410C-423B-B564-449B343B9531}.Release|Any CPU.Build.0 = Release|Any CPU
		{A7F41C11-F471-47B4-8DBF-7CD56E992D39}.Debug|Any CPU.ActiveCfg = Debug|Any CPU
		{A7F41C11-F471-47B4-8DBF-7CD56E992D39}.Debug|Any CPU.Build.0 = Debug|Any CPU
		{A7F41C11-F471-47B4-8DBF-7CD56E992D39}.Release|Any CPU.ActiveCfg = Release|Any CPU
		{A7F41C11-F471-47B4-8DBF-7CD56E992D39}.Release|Any CPU.Build.0 = Release|Any CPU
	EndGlobalSection
	GlobalSection(SolutionProperties) = preSolution
		HideSolutionNode = FALSE
	EndGlobalSection
	GlobalSection(ExtensibilityGlobals) = postSolution
		SolutionGuid = {BDE1F92C-62A4-456D-844B-49FCECE2C0E9}
	EndGlobalSection
EndGlobal
